{
  "name": "habitwebjs",
  "version": "0.0.1",
  "lockfileVersion": 2,
  "requires": true,
  "packages": {
    "": {
      "name": "habitwebjs",
      "version": "0.0.1",
      "license": "ISC",
      "dependencies": {
        "date-fns": "^2.28.0",
        "dayjs": "^1.10.7",
        "lodash-es": "^4.17.21",
        "normalize-css": "^2.3.1"
      }
    },
    "node_modules/date-fns": {
      "version": "2.28.0",
      "resolved": "https://registry.npmjs.org/date-fns/-/date-fns-2.28.0.tgz",
      "integrity": "sha512-8d35hViGYx/QH0icHYCeLmsLmMUheMmTyV9Fcm6gvNwdw31yXXH+O85sOBJ+OLnLQMKZowvpKb6FgMIQjcpvQw==",
      "engines": {
        "node": ">=0.11"
      },
      "funding": {
        "type": "opencollective",
        "url": "https://opencollective.com/date-fns"
      }
    },
    "node_modules/dayjs": {
      "version": "1.10.7",
      "resolved": "https://registry.npmjs.org/dayjs/-/dayjs-1.10.7.tgz",
      "integrity": "sha512-P6twpd70BcPK34K26uJ1KT3wlhpuOAPoMwJzpsIWUxHZ7wpmbdZL/hQqBDfz7hGurYSa5PhzdhDHtt319hL3ig=="
    },
    "node_modules/insert-css": {
      "version": "0.0.0",
      "resolved": "https://registry.npmjs.org/insert-css/-/insert-css-0.0.0.tgz",
      "integrity": "sha1-IwS/pviTq+y4/5yo2cdgXZTPKRE="
    },
    "node_modules/lodash-es": {
      "version": "4.17.21",
      "resolved": "https://registry.npmjs.org/lodash-es/-/lodash-es-4.17.21.tgz",
      "integrity": "sha512-mKnC+QJ9pWVzv+C4/U3rRsHapFfHvQFoFB92e52xeyGMcX6/OlIl78je1u8vePzYZSkkogMPJ2yjxxsb89cxyw=="
    },
    "node_modules/normalize-css": {
      "version": "2.3.1",
      "resolved": "https://registry.npmjs.org/normalize-css/-/normalize-css-2.3.1.tgz",
      "integrity": "sha1-/APjuR46Uap6GDa657K2rG1R4VY=",
      "dependencies": {
        "insert-css": "0.0.0"
      }
    }
  },
  "dependencies": {
    "date-fns": {
      "version": "2.28.0",
      "resolved": "https://registry.npmjs.org/date-fns/-/date-fns-2.28.0.tgz",
      "integrity": "sha512-8d35hViGYx/QH0icHYCeLmsLmMUheMmTyV9Fcm6gvNwdw31yXXH+O85sOBJ+OLnLQMKZowvpKb6FgMIQjcpvQw=="
    },
    "dayjs": {
      "version": "1.10.7",
      "resolved": "https://registry.npmjs.org/dayjs/-/dayjs-1.10.7.tgz",
      "integrity": "sha512-P6twpd70BcPK34K26uJ1KT3wlhpuOAPoMwJzpsIWUxHZ7wpmbdZL/hQqBDfz7hGurYSa5PhzdhDHtt319hL3ig=="
    },
    "insert-css": {
      "version": "0.0.0",
      "resolved": "https://registry.npmjs.org/insert-css/-/insert-css-0.0.0.tgz",
      "integrity": "sha1-IwS/pviTq+y4/5yo2cdgXZTPKRE="
    },
    "lodash-es": {
      "version": "4.17.21",
      "resolved": "https://registry.npmjs.org/lodash-es/-/lodash-es-4.17.21.tgz",
      "integrity": "sha512-mKnC+QJ9pWVzv+C4/U3rRsHapFfHvQFoFB92e52xeyGMcX6/OlIl78je1u8vePzYZSkkogMPJ2yjxxsb89cxyw=="
    },
    "normalize-css": {
      "version": "2.3.1",
      "resolved": "https://registry.npmjs.org/normalize-css/-/normalize-css-2.3.1.tgz",
      "integrity": "sha1-/APjuR46Uap6GDa657K2rG1R4VY=",
      "requires": {
        "insert-css": "0.0.0"
      }
    }
  }
}
